
Microsoft Visual Studio Solution File, Format Version 12.00
# Visual Studio 2012
Project("{FAE04EC0-301F-11D3-BF4B-00C04F79EFBC}") = "BabaTempleApp", "BabaTempleApp\BabaTempleApp.csproj", "{305AB372-28A0-4002-83F2-9D5D95AFA1D8}"
EndProject
Project("{FAE04EC0-301F-11D3-BF4B-00C04F79EFBC}") = "BabaTempleApp-Android", "BabaTempleApp-Android\BabaTempleApp-Android.csproj", "{D8414675-6A23-45F3-A10A-D47108BC3DB1}"
EndProject
Project("{FAE04EC0-301F-11D3-BF4B-00C04F79EFBC}") = "BabaTempleApp-iOS", "BabaTempleApp-iOS\BabaTempleApp-iOS.csproj", "{4CD8BBEA-E9DF-48CB-B5CB-35409B1EA20F}"
EndProject
Global
	GlobalSection(SolutionConfigurationPlatforms) = preSolution
		Debug|Any CPU = Debug|Any CPU
		Release|Any CPU = Release|Any CPU
		Debug|iPhoneSimulator = Debug|iPhoneSimulator
		Release|iPhone = Release|iPhone
		Release|iPhoneSimulator = Release|iPhoneSimulator
		Debug|iPhone = Debug|iPhone
	EndGlobalSection
	GlobalSection(ProjectConfigurationPlatforms) = postSolution
		{305AB372-28A0-4002-83F2-9D5D95AFA1D8}.Debug|Any CPU.ActiveCfg = Debug|Any CPU
		{305AB372-28A0-4002-83F2-9D5D95AFA1D8}.Debug|Any CPU.Build.0 = Debug|Any CPU
		{305AB372-28A0-4002-83F2-9D5D95AFA1D8}.Debug|iPhone.ActiveCfg = Debug|Any CPU
		{305AB372-28A0-4002-83F2-9D5D95AFA1D8}.Debug|iPhone.Build.0 = Debug|Any CPU
		{305AB372-28A0-4002-83F2-9D5D95AFA1D8}.Debug|iPhoneSimulator.ActiveCfg = Debug|Any CPU
		{305AB372-28A0-4002-83F2-9D5D95AFA1D8}.Debug|iPhoneSimulator.Build.0 = Debug|Any CPU
		{305AB372-28A0-4002-83F2-9D5D95AFA1D8}.Release|Any CPU.ActiveCfg = Release|Any CPU
		{305AB372-28A0-4002-83F2-9D5D95AFA1D8}.Release|Any CPU.Build.0 = Release|Any CPU
		{305AB372-28A0-4002-83F2-9D5D95AFA1D8}.Release|iPhone.ActiveCfg = Release|Any CPU
		{305AB372-28A0-4002-83F2-9D5D95AFA1D8}.Release|iPhone.Build.0 = Release|Any CPU
		{305AB372-28A0-4002-83F2-9D5D95AFA1D8}.Release|iPhoneSimulator.ActiveCfg = Release|Any CPU
		{305AB372-28A0-4002-83F2-9D5D95AFA1D8}.Release|iPhoneSimulator.Build.0 = Release|Any CPU
		{4CD8BBEA-E9DF-48CB-B5CB-35409B1EA20F}.Debug|Any CPU.ActiveCfg = Debug|iPhoneSimulator
		{4CD8BBEA-E9DF-48CB-B5CB-35409B1EA20F}.Debug|Any CPU.Build.0 = Debug|iPhoneSimulator
		{4CD8BBEA-E9DF-48CB-B5CB-35409B1EA20F}.Debug|iPhone.ActiveCfg = Debug|iPhone
		{4CD8BBEA-E9DF-48CB-B5CB-35409B1EA20F}.Debug|iPhone.Build.0 = Debug|iPhone
		{4CD8BBEA-E9DF-48CB-B5CB-35409B1EA20F}.Debug|iPhoneSimulator.ActiveCfg = Debug|iPhoneSimulator
		{4CD8BBEA-E9DF-48CB-B5CB-35409B1EA20F}.Debug|iPhoneSimulator.Build.0 = Debug|iPhoneSimulator
		{4CD8BBEA-E9DF-48CB-B5CB-35409B1EA20F}.Release|Any CPU.ActiveCfg = Release|iPhone
		{4CD8BBEA-E9DF-48CB-B5CB-35409B1EA20F}.Release|Any CPU.Build.0 = Release|iPhone
		{4CD8BBEA-E9DF-48CB-B5CB-35409B1EA20F}.Release|iPhone.ActiveCfg = Release|iPhone
		{4CD8BBEA-E9DF-48CB-B5CB-35409B1EA20F}.Release|iPhone.Build.0 = Release|iPhone
		{4CD8BBEA-E9DF-48CB-B5CB-35409B1EA20F}.Release|iPhoneSimulator.ActiveCfg = Release|iPhoneSimulator
		{4CD8BBEA-E9DF-48CB-B5CB-35409B1EA20F}.Release|iPhoneSimulator.Build.0 = Release|iPhoneSimulator
		{D8414675-6A23-45F3-A10A-D47108BC3DB1}.Debug|Any CPU.ActiveCfg = Debug|Any CPU
		{D8414675-6A23-45F3-A10A-D47108BC3DB1}.Debug|Any CPU.Build.0 = Debug|Any CPU
		{D8414675-6A23-45F3-A10A-D47108BC3DB1}.Debug|iPhone.ActiveCfg = Debug|Any CPU
		{D8414675-6A23-45F3-A10A-D47108BC3DB1}.Debug|iPhone.Build.0 = Debug|Any CPU
		{D8414675-6A23-45F3-A10A-D47108BC3DB1}.Debug|iPhoneSimulator.ActiveCfg = Debug|Any CPU
		{D8414675-6A23-45F3-A10A-D47108BC3DB1}.Debug|iPhoneSimulator.Build.0 = Debug|Any CPU
		{D8414675-6A23-45F3-A10A-D47108BC3DB1}.Release|Any CPU.ActiveCfg = Release|Any CPU
		{D8414675-6A23-45F3-A10A-D47108BC3DB1}.Release|Any CPU.Build.0 = Release|Any CPU
		{D8414675-6A23-45F3-A10A-D47108BC3DB1}.Release|iPhone.ActiveCfg = Release|Any CPU
		{D8414675-6A23-45F3-A10A-D47108BC3DB1}.Release|iPhone.Build.0 = Release|Any CPU
		{D8414675-6A23-45F3-A10A-D47108BC3DB1}.Release|iPhoneSimulator.ActiveCfg = Release|Any CPU
		{D8414675-6A23-45F3-A10A-D47108BC3DB1}.Release|iPhoneSimulator.Build.0 = Release|Any CPU
	EndGlobalSection
EndGlobal
